
Microsoft Visual Studio Solution File, Format Version 12.00
# Visual Studio 15
VisualStudioVersion = 15.0.27004.2009
MinimumVisualStudioVersion = 10.0.40219.1
Project("{FAE04EC0-301F-11D3-BF4B-00C04F79EFBC}") = "WortZaehlenWpfApp", "WortZaehlenWpfApp\WortZaehlenWpfApp.csproj", "{2CE12158-61B3-4948-9D3B-9735C9460369}"
EndProject
Global
	GlobalSection(SolutionConfigurationPlatforms) = preSolution
		Debug|Any CPU = Debug|Any CPU
		Release|Any CPU = Release|Any CPU
	EndGlobalSection
	GlobalSection(ProjectConfigurationPlatforms) = postSolution
		{2CE12158-61B3-4948-9D3B-9735C9460369}.Debug|Any CPU.ActiveCfg = Debug|Any CPU
		{2CE12158-61B3-4948-9D3B-9735C9460369}.Debug|Any CPU.Build.0 = Debug|Any CPU
		{2CE12158-61B3-4948-9D3B-9735C9460369}.Release|Any CPU.ActiveCfg = Release|Any CPU
		{2CE12158-61B3-4948-9D3B-9735C9460369}.Release|Any CPU.Build.0 = Release|Any CPU
	EndGlobalSection
	GlobalSection(SolutionProperties) = preSolution
		HideSolutionNode = FALSE
	EndGlobalSection
	GlobalSection(ExtensibilityGlobals) = postSolution
		SolutionGuid = {16509AFD-27C1-4A5F-84A8-A0B255E29CFB}
	EndGlobalSection
EndGlobal
