
Microsoft Visual Studio Solution File, Format Version 12.00
# Visual Studio 15
VisualStudioVersion = 15.0.27004.2010
MinimumVisualStudioVersion = 10.0.40219.1
Project("{FAE04EC0-301F-11D3-BF4B-00C04F79EFBC}") = "Karussel", "Karussel\Karussel.csproj", "{588CE734-E525-4335-BB4E-6F797FBE7D71}"
EndProject
Global
	GlobalSection(SolutionConfigurationPlatforms) = preSolution
		Debug|Any CPU = Debug|Any CPU
		Release|Any CPU = Release|Any CPU
	EndGlobalSection
	GlobalSection(ProjectConfigurationPlatforms) = postSolution
		{588CE734-E525-4335-BB4E-6F797FBE7D71}.Debug|Any CPU.ActiveCfg = Debug|Any CPU
		{588CE734-E525-4335-BB4E-6F797FBE7D71}.Debug|Any CPU.Build.0 = Debug|Any CPU
		{588CE734-E525-4335-BB4E-6F797FBE7D71}.Release|Any CPU.ActiveCfg = Release|Any CPU
		{588CE734-E525-4335-BB4E-6F797FBE7D71}.Release|Any CPU.Build.0 = Release|Any CPU
	EndGlobalSection
	GlobalSection(SolutionProperties) = preSolution
		HideSolutionNode = FALSE
	EndGlobalSection
	GlobalSection(ExtensibilityGlobals) = postSolution
		SolutionGuid = {A4D954D1-679E-4A3E-9AEF-13A0C5C1E6C3}
	EndGlobalSection
EndGlobal
